
Microsoft Visual Studio Solution File, Format Version 12.00
# Visual Studio Version 17
VisualStudioVersion = 17.9.34622.214
MinimumVisualStudioVersion = 10.0.40219.1
Project("{FAE04EC0-301F-11D3-BF4B-00C04F79EFBC}") = "Notakto3", "Notakto3.csproj", "{C8EE229C-918D-42BE-83BA-D7EB049C11BB}"
EndProject
Global
	GlobalSection(SolutionConfigurationPlatforms) = preSolution
		Debug|Any CPU = Debug|Any CPU
		Release|Any CPU = Release|Any CPU
	EndGlobalSection
	GlobalSection(ProjectConfigurationPlatforms) = postSolution
		{C8EE229C-918D-42BE-83BA-D7EB049C11BB}.Debug|Any CPU.ActiveCfg = Debug|Any CPU
		{C8EE229C-918D-42BE-83BA-D7EB049C11BB}.Debug|Any CPU.Build.0 = Debug|Any CPU
		{C8EE229C-918D-42BE-83BA-D7EB049C11BB}.Release|Any CPU.ActiveCfg = Release|Any CPU
		{C8EE229C-918D-42BE-83BA-D7EB049C11BB}.Release|Any CPU.Build.0 = Release|Any CPU
	EndGlobalSection
	GlobalSection(SolutionProperties) = preSolution
		HideSolutionNode = FALSE
	EndGlobalSection
	GlobalSection(ExtensibilityGlobals) = postSolution
		SolutionGuid = {5A4E6B17-8D01-44CA-B06D-44435C306015}
	EndGlobalSection
EndGlobal
